
Microsoft Visual Studio Solution File, Format Version 12.00
Project("{2150E333-8FDC-42A3-9474-1A3956D46DE8}") = "External", "External", "{7493AC12-EC79-4A19-A721-BCF3D57B8B97}"
EndProject
Project("{F2A71F9B-5D33-465A-A702-920D77279786}") = "FuseBox.AzureDevOps", "FuseBox.AzureDevOps\FuseBox.AzureDevOps.fsproj", "{17E8E4CB-E938-4462-B2F3-D5847BF0D173}"
EndProject
Project("{F2A71F9B-5D33-465A-A702-920D77279786}") = "FuseBox.AzureDevOps.App", "FuseBox.AzureDevOps.App\FuseBox.AzureDevOps.App.fsproj", "{62032D2F-EE68-44E0-8CD2-36E03C0CC242}"
EndProject
Project("{F2A71F9B-5D33-465A-A702-920D77279786}") = "FuseBox.Common", "FuseBox.Common\FuseBox.Common.fsproj", "{1372332C-BD5E-444E-A84E-8A1B943DF8E8}"
EndProject
Project("{F2A71F9B-5D33-465A-A702-920D77279786}") = "FuseBox.Asana", "FuseBox.Asana\FuseBox.Asana.fsproj", "{8609A9DD-0F62-49F4-84B6-F65ADA9379FF}"
EndProject
Project("{F2A71F9B-5D33-465A-A702-920D77279786}") = "ToolBox", "..\ToolBox\ToolBox\ToolBox.fsproj", "{4E175BD4-A943-4A9E-B321-81EADE915A4A}"
EndProject
Project("{F2A71F9B-5D33-465A-A702-920D77279786}") = "FuseBox.App", "FuseBox.App\FuseBox.App.fsproj", "{B0B86F01-1F41-49DE-8410-A2DA2202D573}"
EndProject
Project("{F2A71F9B-5D33-465A-A702-920D77279786}") = "Fusebox.GitHub", "Fusebox.GitHub\Fusebox.GitHub.fsproj", "{B8DD4297-5559-4FAF-8726-81E0AA0D7531}"
EndProject
Project("{F2A71F9B-5D33-465A-A702-920D77279786}") = "FDOM.Core", "..\FDOM\FDOM.Core\FDOM.Core.fsproj", "{6E57451A-2C5A-45DA-84CC-BE0E9888184A}"
EndProject
Project("{F2A71F9B-5D33-465A-A702-920D77279786}") = "FDOM.Rendering.Html", "..\FDOM\FDOM.Rendering.Html\FDOM.Rendering.Html.fsproj", "{354AF40B-B81A-4110-B20B-29C8275DA6A7}"
EndProject
Project("{F2A71F9B-5D33-465A-A702-920D77279786}") = "Fluff.Core", "..\Fluff\Fluff.Core\Fluff.Core.fsproj", "{5F0C4851-B036-43F2-B6F4-3D224935E489}"
EndProject
Global
	GlobalSection(SolutionConfigurationPlatforms) = preSolution
		Debug|Any CPU = Debug|Any CPU
		Release|Any CPU = Release|Any CPU
	EndGlobalSection
	GlobalSection(ProjectConfigurationPlatforms) = postSolution
		{17E8E4CB-E938-4462-B2F3-D5847BF0D173}.Debug|Any CPU.ActiveCfg = Debug|Any CPU
		{17E8E4CB-E938-4462-B2F3-D5847BF0D173}.Debug|Any CPU.Build.0 = Debug|Any CPU
		{17E8E4CB-E938-4462-B2F3-D5847BF0D173}.Release|Any CPU.ActiveCfg = Release|Any CPU
		{17E8E4CB-E938-4462-B2F3-D5847BF0D173}.Release|Any CPU.Build.0 = Release|Any CPU
		{62032D2F-EE68-44E0-8CD2-36E03C0CC242}.Debug|Any CPU.ActiveCfg = Debug|Any CPU
		{62032D2F-EE68-44E0-8CD2-36E03C0CC242}.Debug|Any CPU.Build.0 = Debug|Any CPU
		{62032D2F-EE68-44E0-8CD2-36E03C0CC242}.Release|Any CPU.ActiveCfg = Release|Any CPU
		{62032D2F-EE68-44E0-8CD2-36E03C0CC242}.Release|Any CPU.Build.0 = Release|Any CPU
		{1372332C-BD5E-444E-A84E-8A1B943DF8E8}.Debug|Any CPU.ActiveCfg = Debug|Any CPU
		{1372332C-BD5E-444E-A84E-8A1B943DF8E8}.Debug|Any CPU.Build.0 = Debug|Any CPU
		{1372332C-BD5E-444E-A84E-8A1B943DF8E8}.Release|Any CPU.ActiveCfg = Release|Any CPU
		{1372332C-BD5E-444E-A84E-8A1B943DF8E8}.Release|Any CPU.Build.0 = Release|Any CPU
		{8609A9DD-0F62-49F4-84B6-F65ADA9379FF}.Debug|Any CPU.ActiveCfg = Debug|Any CPU
		{8609A9DD-0F62-49F4-84B6-F65ADA9379FF}.Debug|Any CPU.Build.0 = Debug|Any CPU
		{8609A9DD-0F62-49F4-84B6-F65ADA9379FF}.Release|Any CPU.ActiveCfg = Release|Any CPU
		{8609A9DD-0F62-49F4-84B6-F65ADA9379FF}.Release|Any CPU.Build.0 = Release|Any CPU
		{4E175BD4-A943-4A9E-B321-81EADE915A4A}.Debug|Any CPU.ActiveCfg = Debug|Any CPU
		{4E175BD4-A943-4A9E-B321-81EADE915A4A}.Debug|Any CPU.Build.0 = Debug|Any CPU
		{4E175BD4-A943-4A9E-B321-81EADE915A4A}.Release|Any CPU.ActiveCfg = Release|Any CPU
		{4E175BD4-A943-4A9E-B321-81EADE915A4A}.Release|Any CPU.Build.0 = Release|Any CPU
		{B0B86F01-1F41-49DE-8410-A2DA2202D573}.Debug|Any CPU.ActiveCfg = Debug|Any CPU
		{B0B86F01-1F41-49DE-8410-A2DA2202D573}.Debug|Any CPU.Build.0 = Debug|Any CPU
		{B0B86F01-1F41-49DE-8410-A2DA2202D573}.Release|Any CPU.ActiveCfg = Release|Any CPU
		{B0B86F01-1F41-49DE-8410-A2DA2202D573}.Release|Any CPU.Build.0 = Release|Any CPU
		{B8DD4297-5559-4FAF-8726-81E0AA0D7531}.Debug|Any CPU.ActiveCfg = Debug|Any CPU
		{B8DD4297-5559-4FAF-8726-81E0AA0D7531}.Debug|Any CPU.Build.0 = Debug|Any CPU
		{B8DD4297-5559-4FAF-8726-81E0AA0D7531}.Release|Any CPU.ActiveCfg = Release|Any CPU
		{B8DD4297-5559-4FAF-8726-81E0AA0D7531}.Release|Any CPU.Build.0 = Release|Any CPU
		{6E57451A-2C5A-45DA-84CC-BE0E9888184A}.Debug|Any CPU.ActiveCfg = Debug|Any CPU
		{6E57451A-2C5A-45DA-84CC-BE0E9888184A}.Debug|Any CPU.Build.0 = Debug|Any CPU
		{6E57451A-2C5A-45DA-84CC-BE0E9888184A}.Release|Any CPU.ActiveCfg = Release|Any CPU
		{6E57451A-2C5A-45DA-84CC-BE0E9888184A}.Release|Any CPU.Build.0 = Release|Any CPU
		{354AF40B-B81A-4110-B20B-29C8275DA6A7}.Debug|Any CPU.ActiveCfg = Debug|Any CPU
		{354AF40B-B81A-4110-B20B-29C8275DA6A7}.Debug|Any CPU.Build.0 = Debug|Any CPU
		{354AF40B-B81A-4110-B20B-29C8275DA6A7}.Release|Any CPU.ActiveCfg = Release|Any CPU
		{354AF40B-B81A-4110-B20B-29C8275DA6A7}.Release|Any CPU.Build.0 = Release|Any CPU
		{5F0C4851-B036-43F2-B6F4-3D224935E489}.Debug|Any CPU.ActiveCfg = Debug|Any CPU
		{5F0C4851-B036-43F2-B6F4-3D224935E489}.Debug|Any CPU.Build.0 = Debug|Any CPU
		{5F0C4851-B036-43F2-B6F4-3D224935E489}.Release|Any CPU.ActiveCfg = Release|Any CPU
		{5F0C4851-B036-43F2-B6F4-3D224935E489}.Release|Any CPU.Build.0 = Release|Any CPU
	EndGlobalSection
	GlobalSection(NestedProjects) = preSolution
		{4E175BD4-A943-4A9E-B321-81EADE915A4A} = {7493AC12-EC79-4A19-A721-BCF3D57B8B97}
		{6E57451A-2C5A-45DA-84CC-BE0E9888184A} = {7493AC12-EC79-4A19-A721-BCF3D57B8B97}
		{354AF40B-B81A-4110-B20B-29C8275DA6A7} = {7493AC12-EC79-4A19-A721-BCF3D57B8B97}
		{5F0C4851-B036-43F2-B6F4-3D224935E489} = {7493AC12-EC79-4A19-A721-BCF3D57B8B97}
	EndGlobalSection
EndGlobal
